
Microsoft Visual Studio Solution File, Format Version 12.00
# Visual Studio 15
VisualStudioVersion = 15.0.28307.329
MinimumVisualStudioVersion = 10.0.40219.1
Project("{8BC9CEB8-8B4A-11D0-8D11-00A0C91BC942}") = "WindowsFormLicensePlate", "WindowsFormLicensePlate\WindowsFormLicensePlate.vcxproj", "{35FAB129-0559-41AB-AAE9-946F53840AB3}"
EndProject
Project("{54435603-DBB4-11D2-8724-00A0C9A8B90C}") = "Setup1", "Setup1\Setup1.vdproj", "{2B118AD3-2E71-4E54-BE82-1C33E598AE7B}"
EndProject
Global
	GlobalSection(SolutionConfigurationPlatforms) = preSolution
		Debug|x64 = Debug|x64
		Debug|x86 = Debug|x86
		Release|x64 = Release|x64
		Release|x86 = Release|x86
	EndGlobalSection
	GlobalSection(ProjectConfigurationPlatforms) = postSolution
		{35FAB129-0559-41AB-AAE9-946F53840AB3}.Debug|x64.ActiveCfg = Debug|x64
		{35FAB129-0559-41AB-AAE9-946F53840AB3}.Debug|x64.Build.0 = Debug|x64
		{35FAB129-0559-41AB-AAE9-946F53840AB3}.Debug|x86.ActiveCfg = Debug|Win32
		{35FAB129-0559-41AB-AAE9-946F53840AB3}.Debug|x86.Build.0 = Debug|Win32
		{35FAB129-0559-41AB-AAE9-946F53840AB3}.Release|x64.ActiveCfg = Release|x64
		{35FAB129-0559-41AB-AAE9-946F53840AB3}.Release|x64.Build.0 = Release|x64
		{35FAB129-0559-41AB-AAE9-946F53840AB3}.Release|x86.ActiveCfg = Release|Win32
		{35FAB129-0559-41AB-AAE9-946F53840AB3}.Release|x86.Build.0 = Release|Win32
		{2B118AD3-2E71-4E54-BE82-1C33E598AE7B}.Debug|x64.ActiveCfg = Debug
		{2B118AD3-2E71-4E54-BE82-1C33E598AE7B}.Debug|x86.ActiveCfg = Debug
		{2B118AD3-2E71-4E54-BE82-1C33E598AE7B}.Release|x64.ActiveCfg = Release
		{2B118AD3-2E71-4E54-BE82-1C33E598AE7B}.Release|x86.ActiveCfg = Release
	EndGlobalSection
	GlobalSection(SolutionProperties) = preSolution
		HideSolutionNode = FALSE
	EndGlobalSection
	GlobalSection(ExtensibilityGlobals) = postSolution
		SolutionGuid = {A8826491-F66B-43AC-AF0F-F191FC686DD4}
	EndGlobalSection
EndGlobal
